
Microsoft Visual Studio Solution File, Format Version 12.00
# Visual Studio Version 16
VisualStudioVersion = 16.0.31729.503
MinimumVisualStudioVersion = 10.0.40219.1
Project("{FAE04EC0-301F-11D3-BF4B-00C04F79EFBC}") = "BuiltInMethods", "BuiltInMethods.csproj", "{0C3BEA22-8343-4B61-9C4A-5C1EF80F80AD}"
EndProject
Global
	GlobalSection(SolutionConfigurationPlatforms) = preSolution
		Debug|Any CPU = Debug|Any CPU
		Release|Any CPU = Release|Any CPU
	EndGlobalSection
	GlobalSection(ProjectConfigurationPlatforms) = postSolution
		{0C3BEA22-8343-4B61-9C4A-5C1EF80F80AD}.Debug|Any CPU.ActiveCfg = Debug|Any CPU
		{0C3BEA22-8343-4B61-9C4A-5C1EF80F80AD}.Debug|Any CPU.Build.0 = Debug|Any CPU
		{0C3BEA22-8343-4B61-9C4A-5C1EF80F80AD}.Release|Any CPU.ActiveCfg = Release|Any CPU
		{0C3BEA22-8343-4B61-9C4A-5C1EF80F80AD}.Release|Any CPU.Build.0 = Release|Any CPU
	EndGlobalSection
	GlobalSection(SolutionProperties) = preSolution
		HideSolutionNode = FALSE
	EndGlobalSection
	GlobalSection(ExtensibilityGlobals) = postSolution
		SolutionGuid = {1B1891F9-53AC-4A1A-832F-E3D7246F10FD}
	EndGlobalSection
EndGlobal
